
Microsoft Visual Studio Solution File, Format Version 12.00
Project("{2150E333-8FDC-42A3-9474-1A3956D46DE8}") = "Solution Items", "Solution Items", "{732E4A8D-F629-4C9A-8B1A-B49AE44F4963}"
	ProjectSection(SolutionItems) = preProject
		compose.yaml = compose.yaml
	EndProjectSection
EndProject
Project("{FAE04EC0-301F-11D3-BF4B-00C04F79EFBC}") = "StoreAPI.Models", "StoreAPI.Models\StoreAPI.Models.csproj", "{2BCF1EEA-0255-4799-9606-7BB65477E52A}"
EndProject
Project("{FAE04EC0-301F-11D3-BF4B-00C04F79EFBC}") = "StoreAPI", "StoreAPI\StoreAPI.csproj", "{E8744C2F-320A-443A-8733-669FCB09A1D6}"
EndProject
Global
	GlobalSection(SolutionConfigurationPlatforms) = preSolution
		Debug|Any CPU = Debug|Any CPU
		Release|Any CPU = Release|Any CPU
	EndGlobalSection
	GlobalSection(ProjectConfigurationPlatforms) = postSolution
		{2BCF1EEA-0255-4799-9606-7BB65477E52A}.Debug|Any CPU.ActiveCfg = Debug|Any CPU
		{2BCF1EEA-0255-4799-9606-7BB65477E52A}.Debug|Any CPU.Build.0 = Debug|Any CPU
		{2BCF1EEA-0255-4799-9606-7BB65477E52A}.Release|Any CPU.ActiveCfg = Release|Any CPU
		{2BCF1EEA-0255-4799-9606-7BB65477E52A}.Release|Any CPU.Build.0 = Release|Any CPU
		{E8744C2F-320A-443A-8733-669FCB09A1D6}.Debug|Any CPU.ActiveCfg = Debug|Any CPU
		{E8744C2F-320A-443A-8733-669FCB09A1D6}.Debug|Any CPU.Build.0 = Debug|Any CPU
		{E8744C2F-320A-443A-8733-669FCB09A1D6}.Release|Any CPU.ActiveCfg = Release|Any CPU
		{E8744C2F-320A-443A-8733-669FCB09A1D6}.Release|Any CPU.Build.0 = Release|Any CPU
	EndGlobalSection
EndGlobal
